
Microsoft Visual Studio Solution File, Format Version 12.00
# Visual Studio Version 17
VisualStudioVersion = 17.7.34031.279
MinimumVisualStudioVersion = 10.0.40219.1
Project("{9A19103F-16F7-4668-BE54-9A1E7A4F7556}") = "SteamAPI", "SteamAPI\SteamAPI.csproj", "{ED7FAD43-B587-4DE5-A43A-038154070392}"
EndProject
Project("{9A19103F-16F7-4668-BE54-9A1E7A4F7556}") = "DataCollection", "DataCollection\DataCollection.csproj", "{F75EE333-DE62-4FDD-B4AF-CD9AE8A3BD8C}"
EndProject
Project("{9A19103F-16F7-4668-BE54-9A1E7A4F7556}") = "SmurfPredictorModelTraining", "SmurfPredictorModelTraining\SmurfPredictorModelTraining.csproj", "{CD40E9A7-CA84-4F1E-99C7-2952BC30A3C0}"
EndProject
Project("{9A19103F-16F7-4668-BE54-9A1E7A4F7556}") = "TestSuite", "TestSuite\TestSuite.csproj", "{C36CC31E-5ADD-4554-A359-3C000A812EAC}"
EndProject
Project("{9A19103F-16F7-4668-BE54-9A1E7A4F7556}") = "AccountCrawler", "AccountCrawler\AccountCrawler.csproj", "{3C1C3FE7-13F1-466F-B5C9-9240EB4848D3}"
EndProject
Project("{9A19103F-16F7-4668-BE54-9A1E7A4F7556}") = "GUI", "GUI\GUI.csproj", "{40750B63-1704-4E7F-80C5-1F024082D4E2}"
EndProject
Project("{9A19103F-16F7-4668-BE54-9A1E7A4F7556}") = "IO", "IO\IO.csproj", "{87BD83C5-6725-4904-8BC9-CD9264696568}"
EndProject
Project("{9A19103F-16F7-4668-BE54-9A1E7A4F7556}") = "SteamPlayerInvestigator", "SteamPlayerInvestigator\SteamPlayerInvestigator.csproj", "{45B0157E-A6B1-4268-853D-9D78DEAB30FE}"
EndProject
Project("{9A19103F-16F7-4668-BE54-9A1E7A4F7556}") = "SmurfPredictor", "SmurfPredictor\SmurfPredictor.csproj", "{36CFEC73-421C-4285-BBD2-7A1C0047A1CD}"
EndProject
Project("{FAE04EC0-301F-11D3-BF4B-00C04F79EFBC}") = "Backend", "Backend\Backend.csproj", "{9CE58F03-0F37-41F9-9031-08FA371A5210}"
EndProject
Global
	GlobalSection(SolutionConfigurationPlatforms) = preSolution
		Debug|Any CPU = Debug|Any CPU
		LINUX|Any CPU = LINUX|Any CPU
		OSX|Any CPU = OSX|Any CPU
		Release|Any CPU = Release|Any CPU
		WIN|Any CPU = WIN|Any CPU
	EndGlobalSection
	GlobalSection(ProjectConfigurationPlatforms) = postSolution
		{ED7FAD43-B587-4DE5-A43A-038154070392}.Debug|Any CPU.ActiveCfg = Debug|Any CPU
		{ED7FAD43-B587-4DE5-A43A-038154070392}.Debug|Any CPU.Build.0 = Debug|Any CPU
		{ED7FAD43-B587-4DE5-A43A-038154070392}.LINUX|Any CPU.ActiveCfg = Release|Any CPU
		{ED7FAD43-B587-4DE5-A43A-038154070392}.LINUX|Any CPU.Build.0 = Release|Any CPU
		{ED7FAD43-B587-4DE5-A43A-038154070392}.OSX|Any CPU.ActiveCfg = Release|Any CPU
		{ED7FAD43-B587-4DE5-A43A-038154070392}.OSX|Any CPU.Build.0 = Release|Any CPU
		{ED7FAD43-B587-4DE5-A43A-038154070392}.Release|Any CPU.ActiveCfg = Release|Any CPU
		{ED7FAD43-B587-4DE5-A43A-038154070392}.Release|Any CPU.Build.0 = Release|Any CPU
		{ED7FAD43-B587-4DE5-A43A-038154070392}.WIN|Any CPU.ActiveCfg = Release|Any CPU
		{ED7FAD43-B587-4DE5-A43A-038154070392}.WIN|Any CPU.Build.0 = Release|Any CPU
		{F75EE333-DE62-4FDD-B4AF-CD9AE8A3BD8C}.Debug|Any CPU.ActiveCfg = Debug|Any CPU
		{F75EE333-DE62-4FDD-B4AF-CD9AE8A3BD8C}.Debug|Any CPU.Build.0 = Debug|Any CPU
		{F75EE333-DE62-4FDD-B4AF-CD9AE8A3BD8C}.LINUX|Any CPU.ActiveCfg = Release|Any CPU
		{F75EE333-DE62-4FDD-B4AF-CD9AE8A3BD8C}.LINUX|Any CPU.Build.0 = Release|Any CPU
		{F75EE333-DE62-4FDD-B4AF-CD9AE8A3BD8C}.OSX|Any CPU.ActiveCfg = Release|Any CPU
		{F75EE333-DE62-4FDD-B4AF-CD9AE8A3BD8C}.OSX|Any CPU.Build.0 = Release|Any CPU
		{F75EE333-DE62-4FDD-B4AF-CD9AE8A3BD8C}.Release|Any CPU.ActiveCfg = Release|Any CPU
		{F75EE333-DE62-4FDD-B4AF-CD9AE8A3BD8C}.Release|Any CPU.Build.0 = Release|Any CPU
		{F75EE333-DE62-4FDD-B4AF-CD9AE8A3BD8C}.WIN|Any CPU.ActiveCfg = Release|Any CPU
		{F75EE333-DE62-4FDD-B4AF-CD9AE8A3BD8C}.WIN|Any CPU.Build.0 = Release|Any CPU
		{CD40E9A7-CA84-4F1E-99C7-2952BC30A3C0}.Debug|Any CPU.ActiveCfg = Debug|Any CPU
		{CD40E9A7-CA84-4F1E-99C7-2952BC30A3C0}.Debug|Any CPU.Build.0 = Debug|Any CPU
		{CD40E9A7-CA84-4F1E-99C7-2952BC30A3C0}.LINUX|Any CPU.ActiveCfg = Release|Any CPU
		{CD40E9A7-CA84-4F1E-99C7-2952BC30A3C0}.LINUX|Any CPU.Build.0 = Release|Any CPU
		{CD40E9A7-CA84-4F1E-99C7-2952BC30A3C0}.OSX|Any CPU.ActiveCfg = Release|Any CPU
		{CD40E9A7-CA84-4F1E-99C7-2952BC30A3C0}.OSX|Any CPU.Build.0 = Release|Any CPU
		{CD40E9A7-CA84-4F1E-99C7-2952BC30A3C0}.Release|Any CPU.ActiveCfg = Release|Any CPU
		{CD40E9A7-CA84-4F1E-99C7-2952BC30A3C0}.Release|Any CPU.Build.0 = Release|Any CPU
		{CD40E9A7-CA84-4F1E-99C7-2952BC30A3C0}.WIN|Any CPU.ActiveCfg = Release|Any CPU
		{CD40E9A7-CA84-4F1E-99C7-2952BC30A3C0}.WIN|Any CPU.Build.0 = Release|Any CPU
		{C36CC31E-5ADD-4554-A359-3C000A812EAC}.Debug|Any CPU.ActiveCfg = Debug|Any CPU
		{C36CC31E-5ADD-4554-A359-3C000A812EAC}.Debug|Any CPU.Build.0 = Debug|Any CPU
		{C36CC31E-5ADD-4554-A359-3C000A812EAC}.LINUX|Any CPU.ActiveCfg = Release|Any CPU
		{C36CC31E-5ADD-4554-A359-3C000A812EAC}.LINUX|Any CPU.Build.0 = Release|Any CPU
		{C36CC31E-5ADD-4554-A359-3C000A812EAC}.OSX|Any CPU.ActiveCfg = Release|Any CPU
		{C36CC31E-5ADD-4554-A359-3C000A812EAC}.OSX|Any CPU.Build.0 = Release|Any CPU
		{C36CC31E-5ADD-4554-A359-3C000A812EAC}.Release|Any CPU.ActiveCfg = Release|Any CPU
		{C36CC31E-5ADD-4554-A359-3C000A812EAC}.Release|Any CPU.Build.0 = Release|Any CPU
		{C36CC31E-5ADD-4554-A359-3C000A812EAC}.WIN|Any CPU.ActiveCfg = Release|Any CPU
		{C36CC31E-5ADD-4554-A359-3C000A812EAC}.WIN|Any CPU.Build.0 = Release|Any CPU
		{3C1C3FE7-13F1-466F-B5C9-9240EB4848D3}.Debug|Any CPU.ActiveCfg = Debug|Any CPU
		{3C1C3FE7-13F1-466F-B5C9-9240EB4848D3}.Debug|Any CPU.Build.0 = Debug|Any CPU
		{3C1C3FE7-13F1-466F-B5C9-9240EB4848D3}.LINUX|Any CPU.ActiveCfg = Release|Any CPU
		{3C1C3FE7-13F1-466F-B5C9-9240EB4848D3}.LINUX|Any CPU.Build.0 = Release|Any CPU
		{3C1C3FE7-13F1-466F-B5C9-9240EB4848D3}.OSX|Any CPU.ActiveCfg = Release|Any CPU
		{3C1C3FE7-13F1-466F-B5C9-9240EB4848D3}.OSX|Any CPU.Build.0 = Release|Any CPU
		{3C1C3FE7-13F1-466F-B5C9-9240EB4848D3}.Release|Any CPU.ActiveCfg = Release|Any CPU
		{3C1C3FE7-13F1-466F-B5C9-9240EB4848D3}.Release|Any CPU.Build.0 = Release|Any CPU
		{3C1C3FE7-13F1-466F-B5C9-9240EB4848D3}.WIN|Any CPU.ActiveCfg = Release|Any CPU
		{3C1C3FE7-13F1-466F-B5C9-9240EB4848D3}.WIN|Any CPU.Build.0 = Release|Any CPU
		{40750B63-1704-4E7F-80C5-1F024082D4E2}.Debug|Any CPU.ActiveCfg = Debug|Any CPU
		{40750B63-1704-4E7F-80C5-1F024082D4E2}.Debug|Any CPU.Build.0 = Debug|Any CPU
		{40750B63-1704-4E7F-80C5-1F024082D4E2}.Debug|Any CPU.Deploy.0 = Debug|Any CPU
		{40750B63-1704-4E7F-80C5-1F024082D4E2}.LINUX|Any CPU.ActiveCfg = Release|Any CPU
		{40750B63-1704-4E7F-80C5-1F024082D4E2}.LINUX|Any CPU.Build.0 = Release|Any CPU
		{40750B63-1704-4E7F-80C5-1F024082D4E2}.LINUX|Any CPU.Deploy.0 = Release|Any CPU
		{40750B63-1704-4E7F-80C5-1F024082D4E2}.OSX|Any CPU.ActiveCfg = Release|Any CPU
		{40750B63-1704-4E7F-80C5-1F024082D4E2}.OSX|Any CPU.Build.0 = Release|Any CPU
		{40750B63-1704-4E7F-80C5-1F024082D4E2}.OSX|Any CPU.Deploy.0 = Release|Any CPU
		{40750B63-1704-4E7F-80C5-1F024082D4E2}.Release|Any CPU.ActiveCfg = Release|Any CPU
		{40750B63-1704-4E7F-80C5-1F024082D4E2}.Release|Any CPU.Build.0 = Release|Any CPU
		{40750B63-1704-4E7F-80C5-1F024082D4E2}.Release|Any CPU.Deploy.0 = Release|Any CPU
		{40750B63-1704-4E7F-80C5-1F024082D4E2}.WIN|Any CPU.ActiveCfg = Release|Any CPU
		{40750B63-1704-4E7F-80C5-1F024082D4E2}.WIN|Any CPU.Build.0 = Release|Any CPU
		{40750B63-1704-4E7F-80C5-1F024082D4E2}.WIN|Any CPU.Deploy.0 = Release|Any CPU
		{87BD83C5-6725-4904-8BC9-CD9264696568}.Debug|Any CPU.ActiveCfg = Debug|Any CPU
		{87BD83C5-6725-4904-8BC9-CD9264696568}.Debug|Any CPU.Build.0 = Debug|Any CPU
		{87BD83C5-6725-4904-8BC9-CD9264696568}.LINUX|Any CPU.ActiveCfg = Debug|Any CPU
		{87BD83C5-6725-4904-8BC9-CD9264696568}.LINUX|Any CPU.Build.0 = Debug|Any CPU
		{87BD83C5-6725-4904-8BC9-CD9264696568}.OSX|Any CPU.ActiveCfg = Debug|Any CPU
		{87BD83C5-6725-4904-8BC9-CD9264696568}.OSX|Any CPU.Build.0 = Debug|Any CPU
		{87BD83C5-6725-4904-8BC9-CD9264696568}.Release|Any CPU.ActiveCfg = Release|Any CPU
		{87BD83C5-6725-4904-8BC9-CD9264696568}.Release|Any CPU.Build.0 = Release|Any CPU
		{87BD83C5-6725-4904-8BC9-CD9264696568}.WIN|Any CPU.ActiveCfg = Debug|Any CPU
		{87BD83C5-6725-4904-8BC9-CD9264696568}.WIN|Any CPU.Build.0 = Debug|Any CPU
		{45B0157E-A6B1-4268-853D-9D78DEAB30FE}.Debug|Any CPU.ActiveCfg = Debug|Any CPU
		{45B0157E-A6B1-4268-853D-9D78DEAB30FE}.Debug|Any CPU.Build.0 = Debug|Any CPU
		{45B0157E-A6B1-4268-853D-9D78DEAB30FE}.LINUX|Any CPU.ActiveCfg = Debug|Any CPU
		{45B0157E-A6B1-4268-853D-9D78DEAB30FE}.LINUX|Any CPU.Build.0 = Debug|Any CPU
		{45B0157E-A6B1-4268-853D-9D78DEAB30FE}.OSX|Any CPU.ActiveCfg = Debug|Any CPU
		{45B0157E-A6B1-4268-853D-9D78DEAB30FE}.OSX|Any CPU.Build.0 = Debug|Any CPU
		{45B0157E-A6B1-4268-853D-9D78DEAB30FE}.Release|Any CPU.ActiveCfg = Release|Any CPU
		{45B0157E-A6B1-4268-853D-9D78DEAB30FE}.Release|Any CPU.Build.0 = Release|Any CPU
		{45B0157E-A6B1-4268-853D-9D78DEAB30FE}.WIN|Any CPU.ActiveCfg = Debug|Any CPU
		{45B0157E-A6B1-4268-853D-9D78DEAB30FE}.WIN|Any CPU.Build.0 = Debug|Any CPU
		{36CFEC73-421C-4285-BBD2-7A1C0047A1CD}.Debug|Any CPU.ActiveCfg = Debug|Any CPU
		{36CFEC73-421C-4285-BBD2-7A1C0047A1CD}.Debug|Any CPU.Build.0 = Debug|Any CPU
		{36CFEC73-421C-4285-BBD2-7A1C0047A1CD}.LINUX|Any CPU.ActiveCfg = Debug|Any CPU
		{36CFEC73-421C-4285-BBD2-7A1C0047A1CD}.LINUX|Any CPU.Build.0 = Debug|Any CPU
		{36CFEC73-421C-4285-BBD2-7A1C0047A1CD}.OSX|Any CPU.ActiveCfg = Debug|Any CPU
		{36CFEC73-421C-4285-BBD2-7A1C0047A1CD}.OSX|Any CPU.Build.0 = Debug|Any CPU
		{36CFEC73-421C-4285-BBD2-7A1C0047A1CD}.Release|Any CPU.ActiveCfg = Release|Any CPU
		{36CFEC73-421C-4285-BBD2-7A1C0047A1CD}.Release|Any CPU.Build.0 = Release|Any CPU
		{36CFEC73-421C-4285-BBD2-7A1C0047A1CD}.WIN|Any CPU.ActiveCfg = Debug|Any CPU
		{36CFEC73-421C-4285-BBD2-7A1C0047A1CD}.WIN|Any CPU.Build.0 = Debug|Any CPU
		{9CE58F03-0F37-41F9-9031-08FA371A5210}.Debug|Any CPU.ActiveCfg = Debug|Any CPU
		{9CE58F03-0F37-41F9-9031-08FA371A5210}.Debug|Any CPU.Build.0 = Debug|Any CPU
		{9CE58F03-0F37-41F9-9031-08FA371A5210}.LINUX|Any CPU.ActiveCfg = Debug|Any CPU
		{9CE58F03-0F37-41F9-9031-08FA371A5210}.LINUX|Any CPU.Build.0 = Debug|Any CPU
		{9CE58F03-0F37-41F9-9031-08FA371A5210}.OSX|Any CPU.ActiveCfg = Debug|Any CPU
		{9CE58F03-0F37-41F9-9031-08FA371A5210}.OSX|Any CPU.Build.0 = Debug|Any CPU
		{9CE58F03-0F37-41F9-9031-08FA371A5210}.Release|Any CPU.ActiveCfg = Release|Any CPU
		{9CE58F03-0F37-41F9-9031-08FA371A5210}.Release|Any CPU.Build.0 = Release|Any CPU
		{9CE58F03-0F37-41F9-9031-08FA371A5210}.WIN|Any CPU.ActiveCfg = Debug|Any CPU
		{9CE58F03-0F37-41F9-9031-08FA371A5210}.WIN|Any CPU.Build.0 = Debug|Any CPU
	EndGlobalSection
	GlobalSection(SolutionProperties) = preSolution
		HideSolutionNode = FALSE
	EndGlobalSection
	GlobalSection(ExtensibilityGlobals) = postSolution
		SolutionGuid = {EB3300DA-C042-40E9-BA54-A1970337CDEF}
	EndGlobalSection
EndGlobal
